
Microsoft Visual Studio Solution File, Format Version 12.00
# Visual Studio Version 17
VisualStudioVersion = 17.6.33723.286
MinimumVisualStudioVersion = 10.0.40219.1
Project("{FAE04EC0-301F-11D3-BF4B-00C04F79EFBC}") = "TCCS.DataAccess", "TCCS.DataAccess\TCCS.DataAccess.csproj", "{39D4E43D-10DC-4685-894C-DE460F187A96}"
EndProject
Project("{FAE04EC0-301F-11D3-BF4B-00C04F79EFBC}") = "TCCS.WebAPI", "TCCS.WebAPI\TCCS.WebAPI.csproj", "{FCC1561B-50EC-4F84-9F6D-001F17BADF48}"
EndProject
Global
	GlobalSection(SolutionConfigurationPlatforms) = preSolution
		Debug|Any CPU = Debug|Any CPU
		Release|Any CPU = Release|Any CPU
	EndGlobalSection
	GlobalSection(ProjectConfigurationPlatforms) = postSolution
		{39D4E43D-10DC-4685-894C-DE460F187A96}.Debug|Any CPU.ActiveCfg = Debug|Any CPU
		{39D4E43D-10DC-4685-894C-DE460F187A96}.Debug|Any CPU.Build.0 = Debug|Any CPU
		{39D4E43D-10DC-4685-894C-DE460F187A96}.Release|Any CPU.ActiveCfg = Release|Any CPU
		{39D4E43D-10DC-4685-894C-DE460F187A96}.Release|Any CPU.Build.0 = Release|Any CPU
		{FCC1561B-50EC-4F84-9F6D-001F17BADF48}.Debug|Any CPU.ActiveCfg = Debug|Any CPU
		{FCC1561B-50EC-4F84-9F6D-001F17BADF48}.Debug|Any CPU.Build.0 = Debug|Any CPU
		{FCC1561B-50EC-4F84-9F6D-001F17BADF48}.Release|Any CPU.ActiveCfg = Release|Any CPU
		{FCC1561B-50EC-4F84-9F6D-001F17BADF48}.Release|Any CPU.Build.0 = Release|Any CPU
	EndGlobalSection
	GlobalSection(SolutionProperties) = preSolution
		HideSolutionNode = FALSE
	EndGlobalSection
	GlobalSection(ExtensibilityGlobals) = postSolution
		SolutionGuid = {EDF362C0-895D-42FF-992F-B2C11CCC8D9D}
	EndGlobalSection
EndGlobal
